// !$*UTF8*$!
{
	archiveVersion = 1;
	classes = {
	};
	objectVersion = 55;
	objects = {

/* Begin PBXBuildFile section */
		041558DF27960F69006852A8 /* AppDelegate.swift in Sources */ = {isa = PBXBuildFile; fileRef = 041558DE27960F69006852A8 /* AppDelegate.swift */; };
		041558E127960F69006852A8 /* ViewController.swift in Sources */ = {isa = PBXBuildFile; fileRef = 041558E027960F69006852A8 /* ViewController.swift */; };
		041558E327960F6A006852A8 /* Assets.xcassets in Resources */ = {isa = PBXBuildFile; fileRef = 041558E227960F6A006852A8 /* Assets.xcassets */; };
		041558E627960F6A006852A8 /* Main.storyboard in Resources */ = {isa = PBXBuildFile; fileRef = 041558E427960F6A006852A8 /* Main.storyboard */; };
		041558F127960F6A006852A8 /* ATasteofMetalTests.swift in Sources */ = {isa = PBXBuildFile; fileRef = 041558F027960F6A006852A8 /* ATasteofMetalTests.swift */; };
		041558FB27960F6A006852A8 /* ATasteofMetalUITests.swift in Sources */ = {isa = PBXBuildFile; fileRef = 041558FA27960F6A006852A8 /* ATasteofMetalUITests.swift */; };
		041558FD27960F6A006852A8 /* ATasteofMetalUITestsLaunchTests.swift in Sources */ = {isa = PBXBuildFile; fileRef = 041558FC27960F6A006852A8 /* ATasteofMetalUITestsLaunchTests.swift */; };
		0415590C27960F78006852A8 /* MetalKit.framework in Frameworks */ = {isa = PBXBuildFile; fileRef = 0415590A27960F78006852A8 /* MetalKit.framework */; platformFilter = maccatalyst; };
		0415590D27960F78006852A8 /* Metal.framework in Frameworks */ = {isa = PBXBuildFile; fileRef = 0415590B27960F78006852A8 /* Metal.framework */; platformFilter = maccatalyst; };
		0415590F279611AB006852A8 /* Renderer.swift in Sources */ = {isa = PBXBuildFile; fileRef = 0415590E279611AB006852A8 /* Renderer.swift */; };
		04155914279617EE006852A8 /* Shaders.metal in Sources */ = {isa = PBXBuildFile; fileRef = 04155913279617EE006852A8 /* Shaders.metal */; };
/* End PBXBuildFile section */

/* Begin PBXContainerItemProxy section */
		041558ED27960F6A006852A8 /* PBXContainerItemProxy */ = {
			isa = PBXContainerItemProxy;
			containerPortal = 041558D327960F69006852A8 /* Project object */;
			proxyType = 1;
			remoteGlobalIDString = 041558DA27960F69006852A8;
			remoteInfo = ATasteofMetal;
		};
		041558F727960F6A006852A8 /* PBXContainerItemProxy */ = {
			isa = PBXContainerItemProxy;
			containerPortal = 041558D327960F69006852A8 /* Project object */;
			proxyType = 1;
			remoteGlobalIDString = 041558DA27960F69006852A8;
			remoteInfo = ATasteofMetal;
		};
/* End PBXContainerItemProxy section */

/* Begin PBXFileReference section */
		041558DB27960F69006852A8 /* ATasteofMetal.app */ = {isa = PBXFileReference; explicitFileType = wrapper.application; includeInIndex = 0; path = ATasteofMetal.app; sourceTree = BUILT_PRODUCTS_DIR; };
		041558DE27960F69006852A8 /* AppDelegate.swift */ = {isa = PBXFileReference; lastKnownFileType = sourcecode.swift; path = AppDelegate.swift; sourceTree = "<group>"; };
		041558E027960F69006852A8 /* ViewController.swift */ = {isa = PBXFileReference; lastKnownFileType = sourcecode.swift; path = ViewController.swift; sourceTree = "<group>"; };
		041558E227960F6A006852A8 /* Assets.xcassets */ = {isa = PBXFileReference; lastKnownFileType = folder.assetcatalog; path = Assets.xcassets; sourceTree = "<group>"; };
		041558E527960F6A006852A8 /* Base */ = {isa = PBXFileReference; lastKnownFileType = file.storyboard; name = Base; path = Base.lproj/Main.storyboard; sourceTree = "<group>"; };
		041558E727960F6A006852A8 /* ATasteofMetal.entitlements */ = {isa = PBXFileReference; lastKnownFileType = text.plist.entitlements; path = ATasteofMetal.entitlements; sourceTree = "<group>"; };
		041558EC27960F6A006852A8 /* ATasteofMetalTests.xctest */ = {isa = PBXFileReference; explicitFileType = wrapper.cfbundle; includeInIndex = 0; path = ATasteofMetalTests.xctest; sourceTree = BUILT_PRODUCTS_DIR; };
		041558F027960F6A006852A8 /* ATasteofMetalTests.swift */ = {isa = PBXFileReference; lastKnownFileType = sourcecode.swift; path = ATasteofMetalTests.swift; sourceTree = "<group>"; };
		041558F627960F6A006852A8 /* ATasteofMetalUITests.xctest */ = {isa = PBXFileReference; explicitFileType = wrapper.cfbundle; includeInIndex = 0; path = ATasteofMetalUITests.xctest; sourceTree = BUILT_PRODUCTS_DIR; };
		041558FA27960F6A006852A8 /* ATasteofMetalUITests.swift */ = {isa = PBXFileReference; lastKnownFileType = sourcecode.swift; path = ATasteofMetalUITests.swift; sourceTree = "<group>"; };
		041558FC27960F6A006852A8 /* ATasteofMetalUITestsLaunchTests.swift */ = {isa = PBXFileReference; lastKnownFileType = sourcecode.swift; path = ATasteofMetalUITestsLaunchTests.swift; sourceTree = "<group>"; };
		0415590A27960F78006852A8 /* MetalKit.framework */ = {isa = PBXFileReference; lastKnownFileType = wrapper.framework; name = MetalKit.framework; path = System/Library/Frameworks/MetalKit.framework; sourceTree = SDKROOT; };
		0415590B27960F78006852A8 /* Metal.framework */ = {isa = PBXFileReference; lastKnownFileType = wrapper.framework; name = Metal.framework; path = System/Library/Frameworks/Metal.framework; sourceTree = SDKROOT; };
		0415590E279611AB006852A8 /* Renderer.swift */ = {isa = PBXFileReference; lastKnownFileType = sourcecode.swift; path = Renderer.swift; sourceTree = "<group>"; };
		04155910279616A0006852A8 /* ATasteOfMetal-Bridging-Header.h */ = {isa = PBXFileReference; lastKnownFileType = sourcecode.c.h; path = "ATasteOfMetal-Bridging-Header.h"; sourceTree = "<group>"; };
		0415591227961750006852A8 /* ShaderDefinitions.h */ = {isa = PBXFileReference; lastKnownFileType = sourcecode.c.h; path = ShaderDefinitions.h; sourceTree = "<group>"; };
		04155913279617EE006852A8 /* Shaders.metal */ = {isa = PBXFileReference; lastKnownFileType = sourcecode.metal; path = Shaders.metal; sourceTree = "<group>"; };
/* End PBXFileReference section */

/* Begin PBXFrameworksBuildPhase section */
		041558D827960F69006852A8 /* Frameworks */ = {
			isa = PBXFrameworksBuildPhase;
			buildActionMask = 2147483647;
			files = (
				0415590D27960F78006852A8 /* Metal.framework in Frameworks */,
				0415590C27960F78006852A8 /* MetalKit.framework in Frameworks */,
			);
			runOnlyForDeploymentPostprocessing = 0;
		};
		041558E927960F6A006852A8 /* Frameworks */ = {
			isa = PBXFrameworksBuildPhase;
			buildActionMask = 2147483647;
			files = (
			);
			runOnlyForDeploymentPostprocessing = 0;
		};
		041558F327960F6A006852A8 /* Frameworks */ = {
			isa = PBXFrameworksBuildPhase;
			buildActionMask = 2147483647;
			files = (
			);
			runOnlyForDeploymentPostprocessing = 0;
		};
/* End PBXFrameworksBuildPhase section */

/* Begin PBXGroup section */
		041558D227960F69006852A8 = {
			isa = PBXGroup;
			children = (
				041558DD27960F69006852A8 /* ATasteofMetal */,
				041558EF27960F6A006852A8 /* ATasteofMetalTests */,
				041558F927960F6A006852A8 /* ATasteofMetalUITests */,
				041558DC27960F69006852A8 /* Products */,
				0415590927960F78006852A8 /* Frameworks */,
			);
			sourceTree = "<group>";
		};
		041558DC27960F69006852A8 /* Products */ = {
			isa = PBXGroup;
			children = (
				041558DB27960F69006852A8 /* ATasteofMetal.app */,
				041558EC27960F6A006852A8 /* ATasteofMetalTests.xctest */,
				041558F627960F6A006852A8 /* ATasteofMetalUITests.xctest */,
			);
			name = Products;
			sourceTree = "<group>";
		};
		041558DD27960F69006852A8 /* ATasteofMetal */ = {
			isa = PBXGroup;
			children = (
				041558DE27960F69006852A8 /* AppDelegate.swift */,
				041558E027960F69006852A8 /* ViewController.swift */,
				041558E227960F6A006852A8 /* Assets.xcassets */,
				041558E427960F6A006852A8 /* Main.storyboard */,
				041558E727960F6A006852A8 /* ATasteofMetal.entitlements */,
				0415590E279611AB006852A8 /* Renderer.swift */,
				04155910279616A0006852A8 /* ATasteOfMetal-Bridging-Header.h */,
				0415591227961750006852A8 /* ShaderDefinitions.h */,
				04155913279617EE006852A8 /* Shaders.metal */,
			);
			path = ATasteofMetal;
			sourceTree = "<group>";
		};
		041558EF27960F6A006852A8 /* ATasteofMetalTests */ = {
			isa = PBXGroup;
			children = (
				041558F027960F6A006852A8 /* ATasteofMetalTests.swift */,
			);
			path = ATasteofMetalTests;
			sourceTree = "<group>";
		};
		041558F927960F6A006852A8 /* ATasteofMetalUITests */ = {
			isa = PBXGroup;
			children = (
				041558FA27960F6A006852A8 /* ATasteofMetalUITests.swift */,
				041558FC27960F6A006852A8 /* ATasteofMetalUITestsLaunchTests.swift */,
			);
			path = ATasteofMetalUITests;
			sourceTree = "<group>";
		};
		0415590927960F78006852A8 /* Frameworks */ = {
			isa = PBXGroup;
			children = (
				0415590B27960F78006852A8 /* Metal.framework */,
				0415590A27960F78006852A8 /* MetalKit.framework */,
			);
			name = Frameworks;
			sourceTree = "<group>";
		};
/* End PBXGroup section */

/* Begin PBXNativeTarget section */
		041558DA27960F69006852A8 /* ATasteofMetal */ = {
			isa = PBXNativeTarget;
			buildConfigurationList = 0415590027960F6A006852A8 /* Build configuration list for PBXNativeTarget "ATasteofMetal" */;
			buildPhases = (
				041558D727960F69006852A8 /* Sources */,
				041558D827960F69006852A8 /* Frameworks */,
				041558D927960F69006852A8 /* Resources */,
			);
			buildRules = (
			);
			dependencies = (
			);
			name = ATasteofMetal;
			productName = ATasteofMetal;
			productReference = 041558DB27960F69006852A8 /* ATasteofMetal.app */;
			productType = "com.apple.product-type.application";
		};
		041558EB27960F6A006852A8 /* ATasteofMetalTests */ = {
			isa = PBXNativeTarget;
			buildConfigurationList = 0415590327960F6A006852A8 /* Build configuration list for PBXNativeTarget "ATasteofMetalTests" */;
			buildPhases = (
				041558E827960F6A006852A8 /* Sources */,
				041558E927960F6A006852A8 /* Frameworks */,
				041558EA27960F6A006852A8 /* Resources */,
			);
			buildRules = (
			);
			dependencies = (
				041558EE27960F6A006852A8 /* PBXTargetDependency */,
			);
			name = ATasteofMetalTests;
			productName = ATasteofMetalTests;
			productReference = 041558EC27960F6A006852A8 /* ATasteofMetalTests.xctest */;
			productType = "com.apple.product-type.bundle.unit-test";
		};
		041558F527960F6A006852A8 /* ATasteofMetalUITests */ = {
			isa = PBXNativeTarget;
			buildConfigurationList = 0415590627960F6A006852A8 /* Build configuration list for PBXNativeTarget "ATasteofMetalUITests" */;
			buildPhases = (
				041558F227960F6A006852A8 /* Sources */,
				041558F327960F6A006852A8 /* Frameworks */,
				041558F427960F6A006852A8 /* Resources */,
			);
			buildRules = (
			);
			dependencies = (
				041558F827960F6A006852A8 /* PBXTargetDependency */,
			);
			name = ATasteofMetalUITests;
			productName = ATasteofMetalUITests;
			productReference = 041558F627960F6A006852A8 /* ATasteofMetalUITests.xctest */;
			productType = "com.apple.product-type.bundle.ui-testing";
		};
/* End PBXNativeTarget section */

/* Begin PBXProject section */
		041558D327960F69006852A8 /* Project object */ = {
			isa = PBXProject;
			attributes = {
				BuildIndependentTargetsInParallel = 1;
				LastSwiftUpdateCheck = 1320;
				LastUpgradeCheck = 1320;
				TargetAttributes = {
					041558DA27960F69006852A8 = {
						CreatedOnToolsVersion = 13.2.1;
					};
					041558EB27960F6A006852A8 = {
						CreatedOnToolsVersion = 13.2.1;
						TestTargetID = 041558DA27960F69006852A8;
					};
					041558F527960F6A006852A8 = {
						CreatedOnToolsVersion = 13.2.1;
						TestTargetID = 041558DA27960F69006852A8;
					};
				};
			};
			buildConfigurationList = 041558D627960F69006852A8 /* Build configuration list for PBXProject "ATasteofMetal" */;
			compatibilityVersion = "Xcode 13.0";
			developmentRegion = en;
			hasScannedForEncodings = 0;
			knownRegions = (
				en,
				Base,
			);
			mainGroup = 041558D227960F69006852A8;
			productRefGroup = 041558DC27960F69006852A8 /* Products */;
			projectDirPath = "";
			projectRoot = "";
			targets = (
				041558DA27960F69006852A8 /* ATasteofMetal */,
				041558EB27960F6A006852A8 /* ATasteofMetalTests */,
				041558F527960F6A006852A8 /* ATasteofMetalUITests */,
			);
		};
/* End PBXProject section */

/* Begin PBXResourcesBuildPhase section */
		041558D927960F69006852A8 /* Resources */ = {
			isa = PBXResourcesBuildPhase;
			buildActionMask = 2147483647;
			files = (
				041558E327960F6A006852A8 /* Assets.xcassets in Resources */,
				041558E627960F6A006852A8 /* Main.storyboard in Resources */,
			);
			runOnlyForDeploymentPostprocessing = 0;
		};
		041558EA27960F6A006852A8 /* Resources */ = {
			isa = PBXResourcesBuildPhase;
			buildActionMask = 2147483647;
			files = (
			);
			runOnlyForDeploymentPostprocessing = 0;
		};
		041558F427960F6A006852A8 /* Resources */ = {
			isa = PBXResourcesBuildPhase;
			buildActionMask = 2147483647;
			files = (
			);
			runOnlyForDeploymentPostprocessing = 0;
		};
/* End PBXResourcesBuildPhase section */

/* Begin PBXSourcesBuildPhase section */
		041558D727960F69006852A8 /* Sources */ = {
			isa = PBXSourcesBuildPhase;
			buildActionMask = 2147483647;
			files = (
				04155914279617EE006852A8 /* Shaders.metal in Sources */,
				041558E127960F69006852A8 /* ViewController.swift in Sources */,
				0415590F279611AB006852A8 /* Renderer.swift in Sources */,
				041558DF27960F69006852A8 /* AppDelegate.swift in Sources */,
			);
			runOnlyForDeploymentPostprocessing = 0;
		};
		041558E827960F6A006852A8 /* Sources */ = {
			isa = PBXSourcesBuildPhase;
			buildActionMask = 2147483647;
			files = (
				041558F127960F6A006852A8 /* ATasteofMetalTests.swift in Sources */,
			);
			runOnlyForDeploymentPostprocessing = 0;
		};
		041558F227960F6A006852A8 /* Sources */ = {
			isa = PBXSourcesBuildPhase;
			buildActionMask = 2147483647;
			files = (
				041558FB27960F6A006852A8 /* ATasteofMetalUITests.swift in Sources */,
				041558FD27960F6A006852A8 /* ATasteofMetalUITestsLaunchTests.swift in Sources */,
			);
			runOnlyForDeploymentPostprocessing = 0;
		};
/* End PBXSourcesBuildPhase section */

/* Begin PBXTargetDependency section */
		041558EE27960F6A006852A8 /* PBXTargetDependency */ = {
			isa = PBXTargetDependency;
			target = 041558DA27960F69006852A8 /* ATasteofMetal */;
			targetProxy = 041558ED27960F6A006852A8 /* PBXContainerItemProxy */;
		};
		041558F827960F6A006852A8 /* PBXTargetDependency */ = {
			isa = PBXTargetDependency;
			target = 041558DA27960F69006852A8 /* ATasteofMetal */;
			targetProxy = 041558F727960F6A006852A8 /* PBXContainerItemProxy */;
		};
/* End PBXTargetDependency section */

/* Begin PBXVariantGroup section */
		041558E427960F6A006852A8 /* Main.storyboard */ = {
			isa = PBXVariantGroup;
			children = (
				041558E527960F6A006852A8 /* Base */,
			);
			name = Main.storyboard;
			sourceTree = "<group>";
		};
/* End PBXVariantGroup section */

/* Begin XCBuildConfiguration section */
		041558FE27960F6A006852A8 /* Debug */ = {
			isa = XCBuildConfiguration;
			buildSettings = {
				ALWAYS_SEARCH_USER_PATHS = NO;
				CLANG_ANALYZER_NONNULL = YES;
				CLANG_ANALYZER_NUMBER_OBJECT_CONVERSION = YES_AGGRESSIVE;
				CLANG_CXX_LANGUAGE_STANDARD = "gnu++17";
				CLANG_CXX_LIBRARY = "libc++";
				CLANG_ENABLE_MODULES = YES;
				CLANG_ENABLE_OBJC_ARC = YES;
				CLANG_ENABLE_OBJC_WEAK = YES;
				CLANG_WARN_BLOCK_CAPTURE_AUTORELEASING = YES;
				CLANG_WARN_BOOL_CONVERSION = YES;
				CLANG_WARN_COMMA = YES;
				CLANG_WARN_CONSTANT_CONVERSION = YES;
				CLANG_WARN_DEPRECATED_OBJC_IMPLEMENTATIONS = YES;
				CLANG_WARN_DIRECT_OBJC_ISA_USAGE = YES_ERROR;
				CLANG_WARN_DOCUMENTATION_COMMENTS = YES;
				CLANG_WARN_EMPTY_BODY = YES;
				CLANG_WARN_ENUM_CONVERSION = YES;
				CLANG_WARN_INFINITE_RECURSION = YES;
				CLANG_WARN_INT_CONVERSION = YES;
				CLANG_WARN_NON_LITERAL_NULL_CONVERSION = YES;
				CLANG_WARN_OBJC_IMPLICIT_RETAIN_SELF = YES;
				CLANG_WARN_OBJC_LITERAL_CONVERSION = YES;
				CLANG_WARN_OBJC_ROOT_CLASS = YES_ERROR;
				CLANG_WARN_QUOTED_INCLUDE_IN_FRAMEWORK_HEADER = YES;
				CLANG_WARN_RANGE_LOOP_ANALYSIS = YES;
				CLANG_WARN_STRICT_PROTOTYPES = YES;
				CLANG_WARN_SUSPICIOUS_MOVE = YES;
				CLANG_WARN_UNGUARDED_AVAILABILITY = YES_AGGRESSIVE;
				CLANG_WARN_UNREACHABLE_CODE = YES;
				CLANG_WARN__DUPLICATE_METHOD_MATCH = YES;
				COPY_PHASE_STRIP = NO;
				DEBUG_INFORMATION_FORMAT = dwarf;
				ENABLE_STRICT_OBJC_MSGSEND = YES;
				ENABLE_TESTABILITY = YES;
				GCC_C_LANGUAGE_STANDARD = gnu11;
				GCC_DYNAMIC_NO_PIC = NO;
				GCC_NO_COMMON_BLOCKS = YES;
				GCC_OPTIMIZATION_LEVEL = 0;
				GCC_PREPROCESSOR_DEFINITIONS = (
					"DEBUG=1",
					"$(inherited)",
				);
				GCC_WARN_64_TO_32_BIT_CONVERSION = YES;
				GCC_WARN_ABOUT_RETURN_TYPE = YES_ERROR;
				GCC_WARN_UNDECLARED_SELECTOR = YES;
				GCC_WARN_UNINITIALIZED_AUTOS = YES_AGGRESSIVE;
				GCC_WARN_UNUSED_FUNCTION = YES;
				GCC_WARN_UNUSED_VARIABLE = YES;
				MACOSX_DEPLOYMENT_TARGET = 12.1;
				MTL_ENABLE_DEBUG_INFO = INCLUDE_SOURCE;
				MTL_FAST_MATH = YES;
				ONLY_ACTIVE_ARCH = YES;
				SDKROOT = macosx;
				SWIFT_ACTIVE_COMPILATION_CONDITIONS = DEBUG;
				SWIFT_OPTIMIZATION_LEVEL = "-Onone";
			};
			name = Debug;
		};
		041558FF27960F6A006852A8 /* Release */ = {
			isa = XCBuildConfiguration;
			buildSettings = {
				ALWAYS_SEARCH_USER_PATHS = NO;
				CLANG_ANALYZER_NONNULL = YES;
				CLANG_ANALYZER_NUMBER_OBJECT_CONVERSION = YES_AGGRESSIVE;
				CLANG_CXX_LANGUAGE_STANDARD = "gnu++17";
				CLANG_CXX_LIBRARY = "libc++";
				CLANG_ENABLE_MODULES = YES;
				CLANG_ENABLE_OBJC_ARC = YES;
				CLANG_ENABLE_OBJC_WEAK = YES;
				CLANG_WARN_BLOCK_CAPTURE_AUTORELEASING = YES;
				CLANG_WARN_BOOL_CONVERSION = YES;
				CLANG_WARN_COMMA = YES;
				CLANG_WARN_CONSTANT_CONVERSION = YES;
				CLANG_WARN_DEPRECATED_OBJC_IMPLEMENTATIONS = YES;
				CLANG_WARN_DIRECT_OBJC_ISA_USAGE = YES_ERROR;
				CLANG_WARN_DOCUMENTATION_COMMENTS = YES;
				CLANG_WARN_EMPTY_BODY = YES;
				CLANG_WARN_ENUM_CONVERSION = YES;
				CLANG_WARN_INFINITE_RECURSION = YES;
				CLANG_WARN_INT_CONVERSION = YES;
				CLANG_WARN_NON_LITERAL_NULL_CONVERSION = YES;
				CLANG_WARN_OBJC_IMPLICIT_RETAIN_SELF = YES;
				CLANG_WARN_OBJC_LITERAL_CONVERSION = YES;
				CLANG_WARN_OBJC_ROOT_CLASS = YES_ERROR;
				CLANG_WARN_QUOTED_INCLUDE_IN_FRAMEWORK_HEADER = YES;
				CLANG_WARN_RANGE_LOOP_ANALYSIS = YES;
				CLANG_WARN_STRICT_PROTOTYPES = YES;
				CLANG_WARN_SUSPICIOUS_MOVE = YES;
				CLANG_WARN_UNGUARDED_AVAILABILITY = YES_AGGRESSIVE;
				CLANG_WARN_UNREACHABLE_CODE = YES;
				CLANG_WARN__DUPLICATE_METHOD_MATCH = YES;
				COPY_PHASE_STRIP = NO;
				DEBUG_INFORMATION_FORMAT = "dwarf-with-dsym";
				ENABLE_NS_ASSERTIONS = NO;
				ENABLE_STRICT_OBJC_MSGSEND = YES;
				GCC_C_LANGUAGE_STANDARD = gnu11;
				GCC_NO_COMMON_BLOCKS = YES;
				GCC_WARN_64_TO_32_BIT_CONVERSION = YES;
				GCC_WARN_ABOUT_RETURN_TYPE = YES_ERROR;
				GCC_WARN_UNDECLARED_SELECTOR = YES;
				GCC_WARN_UNINITIALIZED_AUTOS = YES_AGGRESSIVE;
				GCC_WARN_UNUSED_FUNCTION = YES;
				GCC_WARN_UNUSED_VARIABLE = YES;
				MACOSX_DEPLOYMENT_TARGET = 12.1;
				MTL_ENABLE_DEBUG_INFO = NO;
				MTL_FAST_MATH = YES;
				SDKROOT = macosx;
				SWIFT_COMPILATION_MODE = wholemodule;
				SWIFT_OPTIMIZATION_LEVEL = "-O";
			};
			name = Release;
		};
		0415590127960F6A006852A8 /* Debug */ = {
			isa = XCBuildConfiguration;
			buildSettings = {
				ASSETCATALOG_COMPILER_APPICON_NAME = AppIcon;
				ASSETCATALOG_COMPILER_GLOBAL_ACCENT_COLOR_NAME = AccentColor;
				CODE_SIGN_ENTITLEMENTS = ATasteofMetal/ATasteofMetal.entitlements;
				CODE_SIGN_STYLE = Automatic;
				COMBINE_HIDPI_IMAGES = YES;
				CURRENT_PROJECT_VERSION = 1;
				DEVELOPMENT_TEAM = H627294WQZ;
				ENABLE_HARDENED_RUNTIME = YES;
				GENERATE_INFOPLIST_FILE = YES;
				INFOPLIST_KEY_NSHumanReadableCopyright = "";
				INFOPLIST_KEY_NSMainStoryboardFile = Main;
				INFOPLIST_KEY_NSPrincipalClass = NSApplication;
				LD_RUNPATH_SEARCH_PATHS = (
					"$(inherited)",
					"@executable_path/../Frameworks",
				);
				MARKETING_VERSION = 1.0;
				PRODUCT_BUNDLE_IDENTIFIER = com.CodyMorley.ATasteofMetal;
				PRODUCT_NAME = "$(TARGET_NAME)";
				SWIFT_EMIT_LOC_STRINGS = YES;
				SWIFT_OBJC_BRIDGING_HEADER = /Users/codymorley/Developer/TheForge/ATasteofMetal/ATasteofMetal;
				"SWIFT_OBJC_BRIDGING_HEADER[arch=*]" = /Users/codymorley/Developer/TheForge/ATasteofMetal/ATasteofMetal;
				SWIFT_VERSION = 5.0;
			};
			name = Debug;
		};
		0415590227960F6A006852A8 /* Release */ = {
			isa = XCBuildConfiguration;
			buildSettings = {
				ASSETCATALOG_COMPILER_APPICON_NAME = AppIcon;
				ASSETCATALOG_COMPILER_GLOBAL_ACCENT_COLOR_NAME = AccentColor;
				CODE_SIGN_ENTITLEMENTS = ATasteofMetal/ATasteofMetal.entitlements;
				CODE_SIGN_STYLE = Automatic;
				COMBINE_HIDPI_IMAGES = YES;
				CURRENT_PROJECT_VERSION = 1;
				DEVELOPMENT_TEAM = H627294WQZ;
				ENABLE_HARDENED_RUNTIME = YES;
				GENERATE_INFOPLIST_FILE = YES;
				INFOPLIST_KEY_NSHumanReadableCopyright = "";
				INFOPLIST_KEY_NSMainStoryboardFile = Main;
				INFOPLIST_KEY_NSPrincipalClass = NSApplication;
				LD_RUNPATH_SEARCH_PATHS = (
					"$(inherited)",
					"@executable_path/../Frameworks",
				);
				MARKETING_VERSION = 1.0;
				PRODUCT_BUNDLE_IDENTIFIER = com.CodyMorley.ATasteofMetal;
				PRODUCT_NAME = "$(TARGET_NAME)";
				SWIFT_EMIT_LOC_STRINGS = YES;
				SWIFT_OBJC_BRIDGING_HEADER = /Users/codymorley/Developer/TheForge/ATasteofMetal/ATasteofMetal;
				SWIFT_VERSION = 5.0;
			};
			name = Release;
		};
		0415590427960F6A006852A8 /* Debug */ = {
			isa = XCBuildConfiguration;
			buildSettings = {
				ALWAYS_EMBED_SWIFT_STANDARD_LIBRARIES = YES;
				BUNDLE_LOADER = "$(TEST_HOST)";
				CODE_SIGN_STYLE = Automatic;
				CURRENT_PROJECT_VERSION = 1;
				DEVELOPMENT_TEAM = H627294WQZ;
				GENERATE_INFOPLIST_FILE = YES;
				MACOSX_DEPLOYMENT_TARGET = 12.1;
				MARKETING_VERSION = 1.0;
				PRODUCT_BUNDLE_IDENTIFIER = com.CodyMorley.ATasteofMetalTests;
				PRODUCT_NAME = "$(TARGET_NAME)";
				SWIFT_EMIT_LOC_STRINGS = NO;
				SWIFT_VERSION = 5.0;
				TEST_HOST = "$(BUILT_PRODUCTS_DIR)/ATasteofMetal.app/Contents/MacOS/ATasteofMetal";
			};
			name = Debug;
		};
		0415590527960F6A006852A8 /* Release */ = {
			isa = XCBuildConfiguration;
			buildSettings = {
				ALWAYS_EMBED_SWIFT_STANDARD_LIBRARIES = YES;
				BUNDLE_LOADER = "$(TEST_HOST)";
				CODE_SIGN_STYLE = Automatic;
				CURRENT_PROJECT_VERSION = 1;
				DEVELOPMENT_TEAM = H627294WQZ;
				GENERATE_INFOPLIST_FILE = YES;
				MACOSX_DEPLOYMENT_TARGET = 12.1;
				MARKETING_VERSION = 1.0;
				PRODUCT_BUNDLE_IDENTIFIER = com.CodyMorley.ATasteofMetalTests;
				PRODUCT_NAME = "$(TARGET_NAME)";
				SWIFT_EMIT_LOC_STRINGS = NO;
				SWIFT_VERSION = 5.0;
				TEST_HOST = "$(BUILT_PRODUCTS_DIR)/ATasteofMetal.app/Contents/MacOS/ATasteofMetal";
			};
			name = Release;
		};
		0415590727960F6A006852A8 /* Debug */ = {
			isa = XCBuildConfiguration;
			buildSettings = {
				ALWAYS_EMBED_SWIFT_STANDARD_LIBRARIES = YES;
				CODE_SIGN_STYLE = Automatic;
				CURRENT_PROJECT_VERSION = 1;
				DEVELOPMENT_TEAM = H627294WQZ;
				GENERATE_INFOPLIST_FILE = YES;
				MARKETING_VERSION = 1.0;
				PRODUCT_BUNDLE_IDENTIFIER = com.CodyMorley.ATasteofMetalUITests;
				PRODUCT_NAME = "$(TARGET_NAME)";
				SWIFT_EMIT_LOC_STRINGS = NO;
				SWIFT_VERSION = 5.0;
				TEST_TARGET_NAME = ATasteofMetal;
			};
			name = Debug;
		};
		0415590827960F6A006852A8 /* Release */ = {
			isa = XCBuildConfiguration;
			buildSettings = {
				ALWAYS_EMBED_SWIFT_STANDARD_LIBRARIES = YES;
				CODE_SIGN_STYLE = Automatic;
				CURRENT_PROJECT_VERSION = 1;
				DEVELOPMENT_TEAM = H627294WQZ;
				GENERATE_INFOPLIST_FILE = YES;
				MARKETING_VERSION = 1.0;
				PRODUCT_BUNDLE_IDENTIFIER = com.CodyMorley.ATasteofMetalUITests;
				PRODUCT_NAME = "$(TARGET_NAME)";
				SWIFT_EMIT_LOC_STRINGS = NO;
				SWIFT_VERSION = 5.0;
				TEST_TARGET_NAME = ATasteofMetal;
			};
			name = Release;
		};
/* End XCBuildConfiguration section */

/* Begin XCConfigurationList section */
		041558D627960F69006852A8 /* Build configuration list for PBXProject "ATasteofMetal" */ = {
			isa = XCConfigurationList;
			buildConfigurations = (
				041558FE27960F6A006852A8 /* Debug */,
				041558FF27960F6A006852A8 /* Release */,
			);
			defaultConfigurationIsVisible = 0;
			defaultConfigurationName = Release;
		};
		0415590027960F6A006852A8 /* Build configuration list for PBXNativeTarget "ATasteofMetal" */ = {
			isa = XCConfigurationList;
			buildConfigurations = (
				0415590127960F6A006852A8 /* Debug */,
				0415590227960F6A006852A8 /* Release */,
			);
			defaultConfigurationIsVisible = 0;
			defaultConfigurationName = Release;
		};
		0415590327960F6A006852A8 /* Build configuration list for PBXNativeTarget "ATasteofMetalTests" */ = {
			isa = XCConfigurationList;
			buildConfigurations = (
				0415590427960F6A006852A8 /* Debug */,
				0415590527960F6A006852A8 /* Release */,
			);
			defaultConfigurationIsVisible = 0;
			defaultConfigurationName = Release;
		};
		0415590627960F6A006852A8 /* Build configuration list for PBXNativeTarget "ATasteofMetalUITests" */ = {
			isa = XCConfigurationList;
			buildConfigurations = (
				0415590727960F6A006852A8 /* Debug */,
				0415590827960F6A006852A8 /* Release */,
			);
			defaultConfigurationIsVisible = 0;
			defaultConfigurationName = Release;
		};
/* End XCConfigurationList section */
	};
	rootObject = 041558D327960F69006852A8 /* Project object */;
}
